[root]
name = "edges"
version = "0.1.0"
dependencies = [
 "hamcrest 0.1.0 (git+https://github.com/carllerche/hamcrest-rust.git#f0fd1546b0a7a278a12658ab8602b5c827cc3a42)",
]

[[package]]
name = "hamcrest"
version = "0.1.0"
source = "git+https://github.com/carllerche/hamcrest-rust.git#f0fd1546b0a7a278a12658ab8602b5c827cc3a42"

