[root]
name = "edges"
version = "0.1.0"
dependencies = [
 "hamcrest 0.1.0 (git+https://github.com/carllerche/hamcrest-rust.git#7d46e76514ac606530dfb0e93270fffcf64ca76d)",
]

[[package]]
name = "hamcrest"
version = "0.1.0"
source = "git+https://github.com/carllerche/hamcrest-rust.git#7d46e76514ac606530dfb0e93270fffcf64ca76d"

